PODS:
  - Keyless (0.0.12):
    - SwiftProtobuf (~> 1.9)
  - SwiftLint (0.34.0)
  - SwiftProtobuf (1.9.0)

DEPENDENCIES:
  - Keyless (from `.`)
  - SwiftLint

SPEC REPOS:
  https://github.com/CocoaPods/Specs.git:
    - SwiftLint
  trunk:
    - SwiftProtobuf

EXTERNAL SOURCES:
  Keyless:
    :path: "."

SPEC CHECKSUMS:
  Keyless: 4722204ac5b37e75ded8ff1c668830cc63e7bd02
  SwiftLint: 79d48a17c6565dc286c37efb8322c7b450f95c67
  SwiftProtobuf: ecbec1be9036d15655f6b3443a1c4ea693c97932

PODFILE CHECKSUM: fe64e254fb88fdca2e084955e6bb89472dbe8dc0

COCOAPODS: 1.8.4
