PODS:
  - CarShare (0.0.10):
    - SwiftProtobuf (~> 1.0)
  - SwiftLint (0.34.0)
  - SwiftProtobuf (1.7.0)

DEPENDENCIES:
  - CarShare (from `.`)
  - SwiftLint

SPEC REPOS:
  https://github.com/CocoaPods/Specs.git:
    - SwiftLint
    - SwiftProtobuf

EXTERNAL SOURCES:
  CarShare:
    :path: "."

SPEC CHECKSUMS:
  CarShare: 1edde971b7711f58485079ea79b8856246a5928d
  SwiftLint: 79d48a17c6565dc286c37efb8322c7b450f95c67
  SwiftProtobuf: 4fd9645e69b72cbae6ec8da5be0cdd20ca6565dd

PODFILE CHECKSUM: 6843e01b2ccf490a0d075719e9b8e5d456d58f6b

COCOAPODS: 1.8.4
